
Microsoft Visual Studio Solution File, Format Version 12.00
# Visual Studio Version 16
VisualStudioVersion = 16.0.29911.84
MinimumVisualStudioVersion = 10.0.40219.1
Project("{FAE04EC0-301F-11D3-BF4B-00C04F79EFBC}") = "BeeAssignment", "BeeAssignment\BeeAssignment.csproj", "{6A259B10-F386-48EC-A626-3C9C494545F1}"
EndProject
Global
	GlobalSection(SolutionConfigurationPlatforms) = preSolution
		Debug|Any CPU = Debug|Any CPU
		Release|Any CPU = Release|Any CPU
	EndGlobalSection
	GlobalSection(ProjectConfigurationPlatforms) = postSolution
		{6A259B10-F386-48EC-A626-3C9C494545F1}.Debug|Any CPU.ActiveCfg = Debug|Any CPU
		{6A259B10-F386-48EC-A626-3C9C494545F1}.Debug|Any CPU.Build.0 = Debug|Any CPU
		{6A259B10-F386-48EC-A626-3C9C494545F1}.Release|Any CPU.ActiveCfg = Release|Any CPU
		{6A259B10-F386-48EC-A626-3C9C494545F1}.Release|Any CPU.Build.0 = Release|Any CPU
	EndGlobalSection
	GlobalSection(SolutionProperties) = preSolution
		HideSolutionNode = FALSE
	EndGlobalSection
	GlobalSection(ExtensibilityGlobals) = postSolution
		SolutionGuid = {32DBAA9A-DCC4-49F3-A80F-B33E13F74284}
	EndGlobalSection
EndGlobal
