
Microsoft Visual Studio Solution File, Format Version 12.00
# Visual Studio Version 16
VisualStudioVersion = 16.0.29911.84
MinimumVisualStudioVersion = 10.0.40219.1
Project("{FAE04EC0-301F-11D3-BF4B-00C04F79EFBC}") = "PracticeWithRef", "PracticeWithRef\PracticeWithRef.csproj", "{63111B8F-2870-4502-BA0E-1C5BE64945B7}"
EndProject
Global
	GlobalSection(SolutionConfigurationPlatforms) = preSolution
		Debug|Any CPU = Debug|Any CPU
		Release|Any CPU = Release|Any CPU
	EndGlobalSection
	GlobalSection(ProjectConfigurationPlatforms) = postSolution
		{63111B8F-2870-4502-BA0E-1C5BE64945B7}.Debug|Any CPU.ActiveCfg = Debug|Any CPU
		{63111B8F-2870-4502-BA0E-1C5BE64945B7}.Debug|Any CPU.Build.0 = Debug|Any CPU
		{63111B8F-2870-4502-BA0E-1C5BE64945B7}.Release|Any CPU.ActiveCfg = Release|Any CPU
		{63111B8F-2870-4502-BA0E-1C5BE64945B7}.Release|Any CPU.Build.0 = Release|Any CPU
	EndGlobalSection
	GlobalSection(SolutionProperties) = preSolution
		HideSolutionNode = FALSE
	EndGlobalSection
	GlobalSection(ExtensibilityGlobals) = postSolution
		SolutionGuid = {0E5CF56A-AB65-48A9-9A55-BF1BF6AD9DF5}
	EndGlobalSection
EndGlobal
