
Microsoft Visual Studio Solution File, Format Version 12.00
# Visual Studio Version 16
VisualStudioVersion = 16.0.29911.84
MinimumVisualStudioVersion = 10.0.40219.1
Project("{FAE04EC0-301F-11D3-BF4B-00C04F79EFBC}") = "Move_Shuffle_ResetDeskCard", "Move_Shuffle_ResetDeskCard\Move_Shuffle_ResetDeskCard.csproj", "{BAF840DE-F157-40B2-B91A-4273D94880B7}"
EndProject
Global
	GlobalSection(SolutionConfigurationPlatforms) = preSolution
		Debug|Any CPU = Debug|Any CPU
		Release|Any CPU = Release|Any CPU
	EndGlobalSection
	GlobalSection(ProjectConfigurationPlatforms) = postSolution
		{BAF840DE-F157-40B2-B91A-4273D94880B7}.Debug|Any CPU.ActiveCfg = Debug|Any CPU
		{BAF840DE-F157-40B2-B91A-4273D94880B7}.Debug|Any CPU.Build.0 = Debug|Any CPU
		{BAF840DE-F157-40B2-B91A-4273D94880B7}.Release|Any CPU.ActiveCfg = Release|Any CPU
		{BAF840DE-F157-40B2-B91A-4273D94880B7}.Release|Any CPU.Build.0 = Release|Any CPU
	EndGlobalSection
	GlobalSection(SolutionProperties) = preSolution
		HideSolutionNode = FALSE
	EndGlobalSection
	GlobalSection(ExtensibilityGlobals) = postSolution
		SolutionGuid = {40A34125-28E9-4C5F-8EE3-DB2FA3B5176A}
	EndGlobalSection
EndGlobal
