
Microsoft Visual Studio Solution File, Format Version 12.00
# Visual Studio Version 16
VisualStudioVersion = 16.0.29911.84
MinimumVisualStudioVersion = 10.0.40219.1
Project("{FAE04EC0-301F-11D3-BF4B-00C04F79EFBC}") = "JoeAndBob", "JoeAndBob\JoeAndBob.csproj", "{78656264-7A96-42E9-A56C-74350A71349B}"
EndProject
Global
	GlobalSection(SolutionConfigurationPlatforms) = preSolution
		Debug|Any CPU = Debug|Any CPU
		Release|Any CPU = Release|Any CPU
	EndGlobalSection
	GlobalSection(ProjectConfigurationPlatforms) = postSolution
		{78656264-7A96-42E9-A56C-74350A71349B}.Debug|Any CPU.ActiveCfg = Debug|Any CPU
		{78656264-7A96-42E9-A56C-74350A71349B}.Debug|Any CPU.Build.0 = Debug|Any CPU
		{78656264-7A96-42E9-A56C-74350A71349B}.Release|Any CPU.ActiveCfg = Release|Any CPU
		{78656264-7A96-42E9-A56C-74350A71349B}.Release|Any CPU.Build.0 = Release|Any CPU
	EndGlobalSection
	GlobalSection(SolutionProperties) = preSolution
		HideSolutionNode = FALSE
	EndGlobalSection
	GlobalSection(ExtensibilityGlobals) = postSolution
		SolutionGuid = {91FE79CB-BDA8-4DB4-8983-0AF18CFBF6E3}
	EndGlobalSection
EndGlobal
