
Microsoft Visual Studio Solution File, Format Version 12.00
# Visual Studio Version 16
VisualStudioVersion = 16.0.29911.84
MinimumVisualStudioVersion = 10.0.40219.1
Project("{FAE04EC0-301F-11D3-BF4B-00C04F79EFBC}") = "CardWithOverloadMethods", "CardWithOverloadMethods\CardWithOverloadMethods.csproj", "{1F5DCC75-F9C4-4752-A253-4B247F5AA35E}"
EndProject
Global
	GlobalSection(SolutionConfigurationPlatforms) = preSolution
		Debug|Any CPU = Debug|Any CPU
		Release|Any CPU = Release|Any CPU
	EndGlobalSection
	GlobalSection(ProjectConfigurationPlatforms) = postSolution
		{1F5DCC75-F9C4-4752-A253-4B247F5AA35E}.Debug|Any CPU.ActiveCfg = Debug|Any CPU
		{1F5DCC75-F9C4-4752-A253-4B247F5AA35E}.Debug|Any CPU.Build.0 = Debug|Any CPU
		{1F5DCC75-F9C4-4752-A253-4B247F5AA35E}.Release|Any CPU.ActiveCfg = Release|Any CPU
		{1F5DCC75-F9C4-4752-A253-4B247F5AA35E}.Release|Any CPU.Build.0 = Release|Any CPU
	EndGlobalSection
	GlobalSection(SolutionProperties) = preSolution
		HideSolutionNode = FALSE
	EndGlobalSection
	GlobalSection(ExtensibilityGlobals) = postSolution
		SolutionGuid = {4945E575-DD3B-42A5-ADA0-DADD7C892AC6}
	EndGlobalSection
EndGlobal
