
Microsoft Visual Studio Solution File, Format Version 12.00
# Visual Studio Version 16
VisualStudioVersion = 16.0.29911.84
MinimumVisualStudioVersion = 10.0.40219.1
Project("{FAE04EC0-301F-11D3-BF4B-00C04F79EFBC}") = "JewelsClass[HowToInherit]", "JewelsClass[HowToInherit]\JewelsClass[HowToInherit].csproj", "{23A6EE13-6793-4C2F-8A2F-97CFC073799B}"
EndProject
Global
	GlobalSection(SolutionConfigurationPlatforms) = preSolution
		Debug|Any CPU = Debug|Any CPU
		Release|Any CPU = Release|Any CPU
	EndGlobalSection
	GlobalSection(ProjectConfigurationPlatforms) = postSolution
		{23A6EE13-6793-4C2F-8A2F-97CFC073799B}.Debug|Any CPU.ActiveCfg = Debug|Any CPU
		{23A6EE13-6793-4C2F-8A2F-97CFC073799B}.Debug|Any CPU.Build.0 = Debug|Any CPU
		{23A6EE13-6793-4C2F-8A2F-97CFC073799B}.Release|Any CPU.ActiveCfg = Release|Any CPU
		{23A6EE13-6793-4C2F-8A2F-97CFC073799B}.Release|Any CPU.Build.0 = Release|Any CPU
	EndGlobalSection
	GlobalSection(SolutionProperties) = preSolution
		HideSolutionNode = FALSE
	EndGlobalSection
	GlobalSection(ExtensibilityGlobals) = postSolution
		SolutionGuid = {F1CE8152-9D0D-4A8B-ABDC-57CCB1CF3BE4}
	EndGlobalSection
EndGlobal
